
Microsoft Visual Studio Solution File, Format Version 12.00
# Visual Studio Version 17
VisualStudioVersion = 17.5.002.0
MinimumVisualStudioVersion = 10.0.40219.1
Project("{9A19103F-16F7-4668-BE54-9A1E7A4F7556}") = "DojoSurvey", "DojoSurvey.csproj", "{4571E386-F659-4B9F-8EA0-EC2345EEF51F}"
EndProject
Global
	GlobalSection(SolutionConfigurationPlatforms) = preSolution
		Debug|Any CPU = Debug|Any CPU
		Release|Any CPU = Release|Any CPU
	EndGlobalSection
	GlobalSection(ProjectConfigurationPlatforms) = postSolution
		{4571E386-F659-4B9F-8EA0-EC2345EEF51F}.Debug|Any CPU.ActiveCfg = Debug|Any CPU
		{4571E386-F659-4B9F-8EA0-EC2345EEF51F}.Debug|Any CPU.Build.0 = Debug|Any CPU
		{4571E386-F659-4B9F-8EA0-EC2345EEF51F}.Release|Any CPU.ActiveCfg = Release|Any CPU
		{4571E386-F659-4B9F-8EA0-EC2345EEF51F}.Release|Any CPU.Build.0 = Release|Any CPU
	EndGlobalSection
	GlobalSection(SolutionProperties) = preSolution
		HideSolutionNode = FALSE
	EndGlobalSection
	GlobalSection(ExtensibilityGlobals) = postSolution
		SolutionGuid = {CB7ECF6F-3AD3-4A70-9C67-A4C7D07C96B0}
	EndGlobalSection
EndGlobal
